
Microsoft Visual Studio Solution File, Format Version 12.00
# Visual Studio Version 17
VisualStudioVersion = 17.2.32526.322
MinimumVisualStudioVersion = 10.0.40219.1
Project("{9A19103F-16F7-4668-BE54-9A1E7A4F7556}") = "OmsAuthenticator.Tests", "OmsAuthenticator.Tests\OmsAuthenticator.Tests.csproj", "{31432044-3164-4A00-AC57-B84B0D954E60}"
EndProject
Project("{9A19103F-16F7-4668-BE54-9A1E7A4F7556}") = "SignData", "SignData\SignData.csproj", "{44175EFA-FC98-4FF5-82D8-19D825782E12}"
EndProject
Project("{9A19103F-16F7-4668-BE54-9A1E7A4F7556}") = "OmsAuthenticatorV2", "OmsAuthenticatorV2\OmsAuthenticatorV2.csproj", "{9D67A44F-B0EF-455E-903F-58A32CC3556A}"
	ProjectSection(ProjectDependencies) = postProject
		{44175EFA-FC98-4FF5-82D8-19D825782E12} = {44175EFA-FC98-4FF5-82D8-19D825782E12}
	EndProjectSection
EndProject
Project("{FAE04EC0-301F-11D3-BF4B-00C04F79EFBC}") = "TrueClient", "TrueClient\TrueClient.csproj", "{037EB59D-1C1B-497C-BE28-BE56AB313373}"
EndProject
Global
	GlobalSection(SolutionConfigurationPlatforms) = preSolution
		Debug|Any CPU = Debug|Any CPU
		Release|Any CPU = Release|Any CPU
	EndGlobalSection
	GlobalSection(ProjectConfigurationPlatforms) = postSolution
		{31432044-3164-4A00-AC57-B84B0D954E60}.Debug|Any CPU.ActiveCfg = Debug|Any CPU
		{31432044-3164-4A00-AC57-B84B0D954E60}.Debug|Any CPU.Build.0 = Debug|Any CPU
		{31432044-3164-4A00-AC57-B84B0D954E60}.Release|Any CPU.ActiveCfg = Release|Any CPU
		{31432044-3164-4A00-AC57-B84B0D954E60}.Release|Any CPU.Build.0 = Release|Any CPU
		{44175EFA-FC98-4FF5-82D8-19D825782E12}.Debug|Any CPU.ActiveCfg = Debug|Any CPU
		{44175EFA-FC98-4FF5-82D8-19D825782E12}.Debug|Any CPU.Build.0 = Debug|Any CPU
		{44175EFA-FC98-4FF5-82D8-19D825782E12}.Release|Any CPU.ActiveCfg = Release|Any CPU
		{44175EFA-FC98-4FF5-82D8-19D825782E12}.Release|Any CPU.Build.0 = Release|Any CPU
		{9D67A44F-B0EF-455E-903F-58A32CC3556A}.Debug|Any CPU.ActiveCfg = Debug|Any CPU
		{9D67A44F-B0EF-455E-903F-58A32CC3556A}.Debug|Any CPU.Build.0 = Debug|Any CPU
		{9D67A44F-B0EF-455E-903F-58A32CC3556A}.Release|Any CPU.ActiveCfg = Release|Any CPU
		{9D67A44F-B0EF-455E-903F-58A32CC3556A}.Release|Any CPU.Build.0 = Release|Any CPU
		{037EB59D-1C1B-497C-BE28-BE56AB313373}.Debug|Any CPU.ActiveCfg = Debug|Any CPU
		{037EB59D-1C1B-497C-BE28-BE56AB313373}.Debug|Any CPU.Build.0 = Debug|Any CPU
		{037EB59D-1C1B-497C-BE28-BE56AB313373}.Release|Any CPU.ActiveCfg = Release|Any CPU
		{037EB59D-1C1B-497C-BE28-BE56AB313373}.Release|Any CPU.Build.0 = Release|Any CPU
	EndGlobalSection
	GlobalSection(SolutionProperties) = preSolution
		HideSolutionNode = FALSE
	EndGlobalSection
	GlobalSection(ExtensibilityGlobals) = postSolution
		SolutionGuid = {F811AB9F-0AC2-413E-B9D3-6B8031CCF02D}
	EndGlobalSection
EndGlobal
